
Microsoft Visual Studio Solution File, Format Version 12.00
# Visual Studio Version 16
VisualStudioVersion = 16.0.29411.108
MinimumVisualStudioVersion = 10.0.40219.1
Project("{FAE04EC0-301F-11D3-BF4B-00C04F79EFBC}") = "Project2", "Project2\Project2.csproj", "{4F648A92-35DA-4FC8-8746-0204919709B0}"
EndProject
Global
	GlobalSection(SolutionConfigurationPlatforms) = preSolution
		Debug|Any CPU = Debug|Any CPU
		Release|Any CPU = Release|Any CPU
	EndGlobalSection
	GlobalSection(ProjectConfigurationPlatforms) = postSolution
		{4F648A92-35DA-4FC8-8746-0204919709B0}.Debug|Any CPU.ActiveCfg = Debug|Any CPU
		{4F648A92-35DA-4FC8-8746-0204919709B0}.Debug|Any CPU.Build.0 = Debug|Any CPU
		{4F648A92-35DA-4FC8-8746-0204919709B0}.Release|Any CPU.ActiveCfg = Release|Any CPU
		{4F648A92-35DA-4FC8-8746-0204919709B0}.Release|Any CPU.Build.0 = Release|Any CPU
	EndGlobalSection
	GlobalSection(SolutionProperties) = preSolution
		HideSolutionNode = FALSE
	EndGlobalSection
	GlobalSection(ExtensibilityGlobals) = postSolution
		SolutionGuid = {75BF7828-85B8-4653-BAFD-C66060AA8A8D}
	EndGlobalSection
EndGlobal
